
Microsoft Visual Studio Solution File, Format Version 12.00
# Visual Studio Version 16
VisualStudioVersion = 16.0.31129.286
MinimumVisualStudioVersion = 10.0.40219.1
Project("{FAE04EC0-301F-11D3-BF4B-00C04F79EFBC}") = "Project.Website", "Project.Website\Project.Website.csproj", "{34F34593-FE22-44BF-A55E-002C18FB3F30}"
EndProject
Project("{FAE04EC0-301F-11D3-BF4B-00C04F79EFBC}") = "Project.DataAccess", "Project.DataAccess\Project.DataAccess.csproj", "{586F0AE1-CC97-4CCB-AA21-9A3DAC4D225E}"
EndProject
Project("{FAE04EC0-301F-11D3-BF4B-00C04F79EFBC}") = "Project.Business", "Project.Business\Project.Business.csproj", "{8AB62CAB-A494-4656-8D04-B1DC045057D9}"
EndProject
Global
	GlobalSection(SolutionConfigurationPlatforms) = preSolution
		Debug|Any CPU = Debug|Any CPU
		Release|Any CPU = Release|Any CPU
	EndGlobalSection
	GlobalSection(ProjectConfigurationPlatforms) = postSolution
		{34F34593-FE22-44BF-A55E-002C18FB3F30}.Debug|Any CPU.ActiveCfg = Debug|Any CPU
		{34F34593-FE22-44BF-A55E-002C18FB3F30}.Debug|Any CPU.Build.0 = Debug|Any CPU
		{34F34593-FE22-44BF-A55E-002C18FB3F30}.Release|Any CPU.ActiveCfg = Release|Any CPU
		{34F34593-FE22-44BF-A55E-002C18FB3F30}.Release|Any CPU.Build.0 = Release|Any CPU
		{586F0AE1-CC97-4CCB-AA21-9A3DAC4D225E}.Debug|Any CPU.ActiveCfg = Debug|Any CPU
		{586F0AE1-CC97-4CCB-AA21-9A3DAC4D225E}.Debug|Any CPU.Build.0 = Debug|Any CPU
		{586F0AE1-CC97-4CCB-AA21-9A3DAC4D225E}.Release|Any CPU.ActiveCfg = Release|Any CPU
		{586F0AE1-CC97-4CCB-AA21-9A3DAC4D225E}.Release|Any CPU.Build.0 = Release|Any CPU
		{8AB62CAB-A494-4656-8D04-B1DC045057D9}.Debug|Any CPU.ActiveCfg = Debug|Any CPU
		{8AB62CAB-A494-4656-8D04-B1DC045057D9}.Debug|Any CPU.Build.0 = Debug|Any CPU
		{8AB62CAB-A494-4656-8D04-B1DC045057D9}.Release|Any CPU.ActiveCfg = Release|Any CPU
		{8AB62CAB-A494-4656-8D04-B1DC045057D9}.Release|Any CPU.Build.0 = Release|Any CPU
	EndGlobalSection
	GlobalSection(SolutionProperties) = preSolution
		HideSolutionNode = FALSE
	EndGlobalSection
	GlobalSection(ExtensibilityGlobals) = postSolution
		SolutionGuid = {F7D5E1BC-3853-4E07-8A59-998D20530DF2}
	EndGlobalSection
EndGlobal
