
Microsoft Visual Studio Solution File, Format Version 12.00
# Visual Studio Version 16
VisualStudioVersion = 16.0.31129.286
MinimumVisualStudioVersion = 10.0.40219.1
Project("{FAE04EC0-301F-11D3-BF4B-00C04F79EFBC}") = "Project.Website", "Project.Website\Project.Website.csproj", "{2C883381-4299-4AD5-90C2-DF524AFA9B6F}"
EndProject
Project("{FAE04EC0-301F-11D3-BF4B-00C04F79EFBC}") = "Project.DataAccess", "Project.DataAccess\Project.DataAccess.csproj", "{29515AAE-D1F6-418E-99A8-6C3704F3BCA1}"
EndProject
Project("{FAE04EC0-301F-11D3-BF4B-00C04F79EFBC}") = "Project.Business", "Project.Business\Project.Business.csproj", "{B0FF2C34-0A69-4759-82D3-328C49CC47F4}"
EndProject
Global
	GlobalSection(SolutionConfigurationPlatforms) = preSolution
		Debug|Any CPU = Debug|Any CPU
		Release|Any CPU = Release|Any CPU
	EndGlobalSection
	GlobalSection(ProjectConfigurationPlatforms) = postSolution
		{2C883381-4299-4AD5-90C2-DF524AFA9B6F}.Debug|Any CPU.ActiveCfg = Debug|Any CPU
		{2C883381-4299-4AD5-90C2-DF524AFA9B6F}.Debug|Any CPU.Build.0 = Debug|Any CPU
		{2C883381-4299-4AD5-90C2-DF524AFA9B6F}.Release|Any CPU.ActiveCfg = Release|Any CPU
		{2C883381-4299-4AD5-90C2-DF524AFA9B6F}.Release|Any CPU.Build.0 = Release|Any CPU
		{29515AAE-D1F6-418E-99A8-6C3704F3BCA1}.Debug|Any CPU.ActiveCfg = Debug|Any CPU
		{29515AAE-D1F6-418E-99A8-6C3704F3BCA1}.Debug|Any CPU.Build.0 = Debug|Any CPU
		{29515AAE-D1F6-418E-99A8-6C3704F3BCA1}.Release|Any CPU.ActiveCfg = Release|Any CPU
		{29515AAE-D1F6-418E-99A8-6C3704F3BCA1}.Release|Any CPU.Build.0 = Release|Any CPU
		{B0FF2C34-0A69-4759-82D3-328C49CC47F4}.Debug|Any CPU.ActiveCfg = Debug|Any CPU
		{B0FF2C34-0A69-4759-82D3-328C49CC47F4}.Debug|Any CPU.Build.0 = Debug|Any CPU
		{B0FF2C34-0A69-4759-82D3-328C49CC47F4}.Release|Any CPU.ActiveCfg = Release|Any CPU
		{B0FF2C34-0A69-4759-82D3-328C49CC47F4}.Release|Any CPU.Build.0 = Release|Any CPU
	EndGlobalSection
	GlobalSection(SolutionProperties) = preSolution
		HideSolutionNode = FALSE
	EndGlobalSection
	GlobalSection(ExtensibilityGlobals) = postSolution
		SolutionGuid = {B5FA231B-BA12-4339-A41E-AB571265EB67}
	EndGlobalSection
EndGlobal
